
Microsoft Visual Studio Solution File, Format Version 12.00
# Visual Studio Version 17
VisualStudioVersion = 17.2.32519.379
MinimumVisualStudioVersion = 10.0.40219.1
Project("{8BC9CEB8-8B4A-11D0-8D11-00A0C91BC942}") = "firstExam", "firstExam\firstExam.vcxproj", "{5AE1644F-7B9E-4B86-9655-F5CDAB63FF49}"
EndProject
Global
	GlobalSection(SolutionConfigurationPlatforms) = preSolution
		Debug|x64 = Debug|x64
		Debug|x86 = Debug|x86
		Release|x64 = Release|x64
		Release|x86 = Release|x86
	EndGlobalSection
	GlobalSection(ProjectConfigurationPlatforms) = postSolution
		{5AE1644F-7B9E-4B86-9655-F5CDAB63FF49}.Debug|x64.ActiveCfg = Debug|x64
		{5AE1644F-7B9E-4B86-9655-F5CDAB63FF49}.Debug|x64.Build.0 = Debug|x64
		{5AE1644F-7B9E-4B86-9655-F5CDAB63FF49}.Debug|x86.ActiveCfg = Debug|Win32
		{5AE1644F-7B9E-4B86-9655-F5CDAB63FF49}.Debug|x86.Build.0 = Debug|Win32
		{5AE1644F-7B9E-4B86-9655-F5CDAB63FF49}.Release|x64.ActiveCfg = Release|x64
		{5AE1644F-7B9E-4B86-9655-F5CDAB63FF49}.Release|x64.Build.0 = Release|x64
		{5AE1644F-7B9E-4B86-9655-F5CDAB63FF49}.Release|x86.ActiveCfg = Release|Win32
		{5AE1644F-7B9E-4B86-9655-F5CDAB63FF49}.Release|x86.Build.0 = Release|Win32
	EndGlobalSection
	GlobalSection(SolutionProperties) = preSolution
		HideSolutionNode = FALSE
	EndGlobalSection
	GlobalSection(ExtensibilityGlobals) = postSolution
		SolutionGuid = {B60EBCCF-E3BC-447A-86C2-960947E474C1}
	EndGlobalSection
EndGlobal
